
Microsoft Visual Studio Solution File, Format Version 12.00
Project("{FAE04EC0-301F-11D3-BF4B-00C04F79EFBC}") = "DDD", "DDD\DDD.csproj", "{015D08C8-12D4-426F-9BEA-3B9AF56EEA2C}"
EndProject
Project("{FAE04EC0-301F-11D3-BF4B-00C04F79EFBC}") = "Results", "Results\Results.csproj", "{E477DADB-B1D8-4418-B7DC-7A252DC2F4E4}"
EndProject
Project("{FAE04EC0-301F-11D3-BF4B-00C04F79EFBC}") = "ToDo.Domain", "Models\Core\ToDo.Domain\ToDo.Domain.csproj", "{CB9862BB-410D-48C0-A029-A81480FFF755}"
EndProject
Project("{FAE04EC0-301F-11D3-BF4B-00C04F79EFBC}") = "ToDo.Application", "Models\Core\ToDo.Application\ToDo.Application.csproj", "{41714509-CDE0-4530-85FC-978736D89B2A}"
EndProject
Project("{FAE04EC0-301F-11D3-BF4B-00C04F79EFBC}") = "ToDo.Persistence", "Models\Infrastructure\ToDo.Persistence\ToDo.Persistence.csproj", "{F5A0FC21-BC2E-4495-9587-6E2E98D59AEE}"
EndProject
Global
	GlobalSection(SolutionConfigurationPlatforms) = preSolution
		Debug|Any CPU = Debug|Any CPU
		Release|Any CPU = Release|Any CPU
	EndGlobalSection
	GlobalSection(ProjectConfigurationPlatforms) = postSolution
		{015D08C8-12D4-426F-9BEA-3B9AF56EEA2C}.Debug|Any CPU.ActiveCfg = Debug|Any CPU
		{015D08C8-12D4-426F-9BEA-3B9AF56EEA2C}.Debug|Any CPU.Build.0 = Debug|Any CPU
		{015D08C8-12D4-426F-9BEA-3B9AF56EEA2C}.Release|Any CPU.ActiveCfg = Release|Any CPU
		{015D08C8-12D4-426F-9BEA-3B9AF56EEA2C}.Release|Any CPU.Build.0 = Release|Any CPU
		{E477DADB-B1D8-4418-B7DC-7A252DC2F4E4}.Debug|Any CPU.ActiveCfg = Debug|Any CPU
		{E477DADB-B1D8-4418-B7DC-7A252DC2F4E4}.Debug|Any CPU.Build.0 = Debug|Any CPU
		{E477DADB-B1D8-4418-B7DC-7A252DC2F4E4}.Release|Any CPU.ActiveCfg = Release|Any CPU
		{E477DADB-B1D8-4418-B7DC-7A252DC2F4E4}.Release|Any CPU.Build.0 = Release|Any CPU
		{CB9862BB-410D-48C0-A029-A81480FFF755}.Debug|Any CPU.ActiveCfg = Debug|Any CPU
		{CB9862BB-410D-48C0-A029-A81480FFF755}.Debug|Any CPU.Build.0 = Debug|Any CPU
		{CB9862BB-410D-48C0-A029-A81480FFF755}.Release|Any CPU.ActiveCfg = Release|Any CPU
		{CB9862BB-410D-48C0-A029-A81480FFF755}.Release|Any CPU.Build.0 = Release|Any CPU
		{41714509-CDE0-4530-85FC-978736D89B2A}.Debug|Any CPU.ActiveCfg = Debug|Any CPU
		{41714509-CDE0-4530-85FC-978736D89B2A}.Debug|Any CPU.Build.0 = Debug|Any CPU
		{41714509-CDE0-4530-85FC-978736D89B2A}.Release|Any CPU.ActiveCfg = Release|Any CPU
		{41714509-CDE0-4530-85FC-978736D89B2A}.Release|Any CPU.Build.0 = Release|Any CPU
		{F5A0FC21-BC2E-4495-9587-6E2E98D59AEE}.Debug|Any CPU.ActiveCfg = Debug|Any CPU
		{F5A0FC21-BC2E-4495-9587-6E2E98D59AEE}.Debug|Any CPU.Build.0 = Debug|Any CPU
		{F5A0FC21-BC2E-4495-9587-6E2E98D59AEE}.Release|Any CPU.ActiveCfg = Release|Any CPU
		{F5A0FC21-BC2E-4495-9587-6E2E98D59AEE}.Release|Any CPU.Build.0 = Release|Any CPU
	EndGlobalSection
EndGlobal
