
Microsoft Visual Studio Solution File, Format Version 12.00
# Visual Studio Version 17
VisualStudioVersion = 17.14.36623.8
MinimumVisualStudioVersion = 10.0.40219.1
Project("{2150E333-8FDC-42A3-9474-1A3956D46DE8}") = "Controllers", "Controllers", "{36D591C7-65C7-A0D1-1CBC-10CDE441BDC8}"
EndProject
Project("{2150E333-8FDC-42A3-9474-1A3956D46DE8}") = "Models", "Models", "{3362316E-8672-446B-A92B-DE1FB774C5F4}"
EndProject
Project("{2150E333-8FDC-42A3-9474-1A3956D46DE8}") = "Views", "Views", "{B60CAA25-6C0C-4D15-A0FC-4FCA815389E6}"
EndProject
Project("{FAE04EC0-301F-11D3-BF4B-00C04F79EFBC}") = "DDD", "DDD\DDD.csproj", "{3C010270-A227-447D-AF94-B5CF5F56712A}"
EndProject
Project("{2150E333-8FDC-42A3-9474-1A3956D46DE8}") = "Core", "Core", "{233BB622-DB43-4DE5-BDF6-4BA12BE0771F}"
EndProject
Project("{2150E333-8FDC-42A3-9474-1A3956D46DE8}") = "Infrastructure", "Infrastructure", "{7ACE92CA-5803-4806-BB32-9C74745DF3B6}"
EndProject
Project("{FAE04EC0-301F-11D3-BF4B-00C04F79EFBC}") = "ToDo.Application", "ToDo.Application\ToDo.Application.csproj", "{AD6DEE4B-747B-4204-ACCC-4D28F3896986}"
EndProject
Project("{FAE04EC0-301F-11D3-BF4B-00C04F79EFBC}") = "ToDo.Domain", "ToDo.Domain\ToDo.Domain.csproj", "{C2206B0E-C175-4088-8CB8-BC9BE18FFA52}"
EndProject
Project("{FAE04EC0-301F-11D3-BF4B-00C04F79EFBC}") = "Results", "Results\Results.csproj", "{3A11B2D2-D2D2-46AA-89FD-A065CA062711}"
EndProject
Project("{FAE04EC0-301F-11D3-BF4B-00C04F79EFBC}") = "ToDo.Persistence", "ToDo.Persistence\ToDo.Persistence.csproj", "{4E7BA66C-60DA-4FD4-BBC1-CDDA3DE95702}"
EndProject
Project("{FAE04EC0-301F-11D3-BF4B-00C04F79EFBC}") = "ToDo.View", "ToDo.View\ToDo.View.csproj", "{BF4FBB7F-AF16-4CD6-A780-556C594FED95}"
EndProject
Project("{FAE04EC0-301F-11D3-BF4B-00C04F79EFBC}") = "ToDo.Controller", "ToDo.Controller\ToDo.Controller.csproj", "{2686A4F3-39E3-417D-A0A3-6725B10466D3}"
EndProject
Project("{FAE04EC0-301F-11D3-BF4B-00C04F79EFBC}") = "ToDo.WinForms", "ToDo.WinForms\ToDo.WinForms.csproj", "{1D6B8981-E10C-4AA8-91A1-4A9E790AE169}"
EndProject
Global
	GlobalSection(SolutionConfigurationPlatforms) = preSolution
		Debug|Any CPU = Debug|Any CPU
		Release|Any CPU = Release|Any CPU
	EndGlobalSection
	GlobalSection(ProjectConfigurationPlatforms) = postSolution
		{3C010270-A227-447D-AF94-B5CF5F56712A}.Debug|Any CPU.ActiveCfg = Debug|Any CPU
		{3C010270-A227-447D-AF94-B5CF5F56712A}.Debug|Any CPU.Build.0 = Debug|Any CPU
		{3C010270-A227-447D-AF94-B5CF5F56712A}.Release|Any CPU.ActiveCfg = Release|Any CPU
		{3C010270-A227-447D-AF94-B5CF5F56712A}.Release|Any CPU.Build.0 = Release|Any CPU
		{AD6DEE4B-747B-4204-ACCC-4D28F3896986}.Debug|Any CPU.ActiveCfg = Debug|Any CPU
		{AD6DEE4B-747B-4204-ACCC-4D28F3896986}.Debug|Any CPU.Build.0 = Debug|Any CPU
		{AD6DEE4B-747B-4204-ACCC-4D28F3896986}.Release|Any CPU.ActiveCfg = Release|Any CPU
		{AD6DEE4B-747B-4204-ACCC-4D28F3896986}.Release|Any CPU.Build.0 = Release|Any CPU
		{C2206B0E-C175-4088-8CB8-BC9BE18FFA52}.Debug|Any CPU.ActiveCfg = Debug|Any CPU
		{C2206B0E-C175-4088-8CB8-BC9BE18FFA52}.Debug|Any CPU.Build.0 = Debug|Any CPU
		{C2206B0E-C175-4088-8CB8-BC9BE18FFA52}.Release|Any CPU.ActiveCfg = Release|Any CPU
		{C2206B0E-C175-4088-8CB8-BC9BE18FFA52}.Release|Any CPU.Build.0 = Release|Any CPU
		{3A11B2D2-D2D2-46AA-89FD-A065CA062711}.Debug|Any CPU.ActiveCfg = Debug|Any CPU
		{3A11B2D2-D2D2-46AA-89FD-A065CA062711}.Debug|Any CPU.Build.0 = Debug|Any CPU
		{3A11B2D2-D2D2-46AA-89FD-A065CA062711}.Release|Any CPU.ActiveCfg = Release|Any CPU
		{3A11B2D2-D2D2-46AA-89FD-A065CA062711}.Release|Any CPU.Build.0 = Release|Any CPU
		{4E7BA66C-60DA-4FD4-BBC1-CDDA3DE95702}.Debug|Any CPU.ActiveCfg = Debug|Any CPU
		{4E7BA66C-60DA-4FD4-BBC1-CDDA3DE95702}.Debug|Any CPU.Build.0 = Debug|Any CPU
		{4E7BA66C-60DA-4FD4-BBC1-CDDA3DE95702}.Release|Any CPU.ActiveCfg = Release|Any CPU
		{4E7BA66C-60DA-4FD4-BBC1-CDDA3DE95702}.Release|Any CPU.Build.0 = Release|Any CPU
		{BF4FBB7F-AF16-4CD6-A780-556C594FED95}.Debug|Any CPU.ActiveCfg = Debug|Any CPU
		{BF4FBB7F-AF16-4CD6-A780-556C594FED95}.Debug|Any CPU.Build.0 = Debug|Any CPU
		{BF4FBB7F-AF16-4CD6-A780-556C594FED95}.Release|Any CPU.ActiveCfg = Release|Any CPU
		{BF4FBB7F-AF16-4CD6-A780-556C594FED95}.Release|Any CPU.Build.0 = Release|Any CPU
		{2686A4F3-39E3-417D-A0A3-6725B10466D3}.Debug|Any CPU.ActiveCfg = Debug|Any CPU
		{2686A4F3-39E3-417D-A0A3-6725B10466D3}.Debug|Any CPU.Build.0 = Debug|Any CPU
		{2686A4F3-39E3-417D-A0A3-6725B10466D3}.Release|Any CPU.ActiveCfg = Release|Any CPU
		{2686A4F3-39E3-417D-A0A3-6725B10466D3}.Release|Any CPU.Build.0 = Release|Any CPU
		{1D6B8981-E10C-4AA8-91A1-4A9E790AE169}.Debug|Any CPU.ActiveCfg = Debug|Any CPU
		{1D6B8981-E10C-4AA8-91A1-4A9E790AE169}.Debug|Any CPU.Build.0 = Debug|Any CPU
		{1D6B8981-E10C-4AA8-91A1-4A9E790AE169}.Release|Any CPU.ActiveCfg = Release|Any CPU
		{1D6B8981-E10C-4AA8-91A1-4A9E790AE169}.Release|Any CPU.Build.0 = Release|Any CPU
	EndGlobalSection
	GlobalSection(SolutionProperties) = preSolution
		HideSolutionNode = FALSE
	EndGlobalSection
	GlobalSection(NestedProjects) = preSolution
		{233BB622-DB43-4DE5-BDF6-4BA12BE0771F} = {3362316E-8672-446B-A92B-DE1FB774C5F4}
		{7ACE92CA-5803-4806-BB32-9C74745DF3B6} = {3362316E-8672-446B-A92B-DE1FB774C5F4}
		{AD6DEE4B-747B-4204-ACCC-4D28F3896986} = {233BB622-DB43-4DE5-BDF6-4BA12BE0771F}
		{C2206B0E-C175-4088-8CB8-BC9BE18FFA52} = {233BB622-DB43-4DE5-BDF6-4BA12BE0771F}
		{4E7BA66C-60DA-4FD4-BBC1-CDDA3DE95702} = {7ACE92CA-5803-4806-BB32-9C74745DF3B6}
		{BF4FBB7F-AF16-4CD6-A780-556C594FED95} = {B60CAA25-6C0C-4D15-A0FC-4FCA815389E6}
		{2686A4F3-39E3-417D-A0A3-6725B10466D3} = {36D591C7-65C7-A0D1-1CBC-10CDE441BDC8}
		{1D6B8981-E10C-4AA8-91A1-4A9E790AE169} = {B60CAA25-6C0C-4D15-A0FC-4FCA815389E6}
	EndGlobalSection
	GlobalSection(ExtensibilityGlobals) = postSolution
		SolutionGuid = {DB9ACA27-EB7F-48E9-B75B-84B84AE57C77}
	EndGlobalSection
EndGlobal
